
Microsoft Visual Studio Solution File, Format Version 12.00
# Visual Studio 15
Project("{FAE04EC0-301F-11D3-BF4B-00C04F79EFBC}") = "UnityEngine.TestRunner", "UnityEngine.TestRunner.csproj", "{D50B511D-3C96-6D04-C76E-0300602B1B56}"
EndProject
Project("{FAE04EC0-301F-11D3-BF4B-00C04F79EFBC}") = "Unity.VisualScripting.Flow", "Unity.VisualScripting.Flow.csproj", "{932213DA-DA26-E4D0-659F-458CADE5B728}"
EndProject
Project("{FAE04EC0-301F-11D3-BF4B-00C04F79EFBC}") = "Unity.VisualScripting.State", "Unity.VisualScripting.State.csproj", "{70409CC2-C3DA-F2A1-2EEF-ABD0937C4D11}"
EndProject
Project("{FAE04EC0-301F-11D3-BF4B-00C04F79EFBC}") = "Unity.VisualScripting.Core", "Unity.VisualScripting.Core.csproj", "{A2C5DB34-B3D4-8DEC-AC49-1ED177D2D87E}"
EndProject
Project("{FAE04EC0-301F-11D3-BF4B-00C04F79EFBC}") = "Assembly-CSharp", "Assembly-CSharp.csproj", "{DE2CC3FA-40BA-BA70-C8DC-4E83F95135C7}"
EndProject
Project("{FAE04EC0-301F-11D3-BF4B-00C04F79EFBC}") = "Unity.TextMeshPro", "Unity.TextMeshPro.csproj", "{5CD09C99-DD32-571B-5597-2B67C69EC2C3}"
EndProject
Project("{FAE04EC0-301F-11D3-BF4B-00C04F79EFBC}") = "Cinemachine", "Cinemachine.csproj", "{88E598EB-A924-1961-8C48-6CFBEDE77682}"
EndProject
Project("{FAE04EC0-301F-11D3-BF4B-00C04F79EFBC}") = "Unity.Timeline", "Unity.Timeline.csproj", "{FE59F2B8-38C2-EA9A-D8A2-6003C1374A3D}"
EndProject
Project("{FAE04EC0-301F-11D3-BF4B-00C04F79EFBC}") = "Unity.PlasticSCM.Editor", "Unity.PlasticSCM.Editor.csproj", "{69945D0A-3B45-FD23-3B9A-59CF23995AC2}"
EndProject
Project("{FAE04EC0-301F-11D3-BF4B-00C04F79EFBC}") = "Unity.VisualScripting.Core.Editor", "Unity.VisualScripting.Core.Editor.csproj", "{0C5DDE9E-816C-AB06-6200-A8BDF0F313B8}"
EndProject
Project("{FAE04EC0-301F-11D3-BF4B-00C04F79EFBC}") = "Unity.VisualScripting.Flow.Editor", "Unity.VisualScripting.Flow.Editor.csproj", "{8A232817-EEB3-791D-3A6B-3054C1D303CA}"
EndProject
Project("{FAE04EC0-301F-11D3-BF4B-00C04F79EFBC}") = "Unity.VisualStudio.Editor", "Unity.VisualStudio.Editor.csproj", "{FC31A250-B7F2-F42E-9C1E-310EE2FB0C5B}"
EndProject
Project("{FAE04EC0-301F-11D3-BF4B-00C04F79EFBC}") = "Unity.Timeline.Editor", "Unity.Timeline.Editor.csproj", "{0864BF70-FF5C-202D-C330-89CD4ACE5CB1}"
EndProject
Project("{FAE04EC0-301F-11D3-BF4B-00C04F79EFBC}") = "com.unity.cinemachine.editor", "com.unity.cinemachine.editor.csproj", "{37B5D378-2ED1-C574-2816-96AB1BEB9026}"
EndProject
Project("{FAE04EC0-301F-11D3-BF4B-00C04F79EFBC}") = "Unity.VisualScripting.State.Editor", "Unity.VisualScripting.State.Editor.csproj", "{374F776E-30D4-D59E-1199-52CF121CE46C}"
EndProject
Project("{FAE04EC0-301F-11D3-BF4B-00C04F79EFBC}") = "Unity.TextMeshPro.Editor", "Unity.TextMeshPro.Editor.csproj", "{205826BC-1764-C9FE-4814-E2219F384A3D}"
EndProject
Project("{FAE04EC0-301F-11D3-BF4B-00C04F79EFBC}") = "Unity.VisualScripting.SettingsProvider.Editor", "Unity.VisualScripting.SettingsProvider.Editor.csproj", "{EBE71895-A454-8D26-3B01-0DD214AB7DC8}"
EndProject
Project("{FAE04EC0-301F-11D3-BF4B-00C04F79EFBC}") = "UnityEditor.TestRunner", "UnityEditor.TestRunner.csproj", "{6644718F-5B8A-BFA9-7A63-CD24648C94FA}"
EndProject
Project("{FAE04EC0-301F-11D3-BF4B-00C04F79EFBC}") = "Unity.TestTools.CodeCoverage.Editor", "Unity.TestTools.CodeCoverage.Editor.csproj", "{B2B2928D-1684-210D-9DF4-CB2E7781AE82}"
EndProject
Project("{FAE04EC0-301F-11D3-BF4B-00C04F79EFBC}") = "Unity.Rider.Editor", "Unity.Rider.Editor.csproj", "{5A0BD680-3A3C-46EE-1A38-F740C30E56A8}"
EndProject
Project("{FAE04EC0-301F-11D3-BF4B-00C04F79EFBC}") = "Unity.Performance.Profile-Analyzer.Editor", "Unity.Performance.Profile-Analyzer.Editor.csproj", "{D34D72C3-C41C-023E-538F-3E9A7E8344C4}"
EndProject
Project("{FAE04EC0-301F-11D3-BF4B-00C04F79EFBC}") = "Unity.VSCode.Editor", "Unity.VSCode.Editor.csproj", "{930258A8-3514-19D7-E4AF-999D38D6E22D}"
EndProject
Project("{FAE04EC0-301F-11D3-BF4B-00C04F79EFBC}") = "Unity.TestTools.CodeCoverage.Editor.OpenCover.Model", "Unity.TestTools.CodeCoverage.Editor.OpenCover.Model.csproj", "{4653F0A7-7019-D7F1-1E42-C85D1D276B46}"
EndProject
Project("{FAE04EC0-301F-11D3-BF4B-00C04F79EFBC}") = "Unity.EditorCoroutines.Editor", "Unity.EditorCoroutines.Editor.csproj", "{EA266161-6B56-C990-25BB-01F86F86D6C5}"
EndProject
Project("{FAE04EC0-301F-11D3-BF4B-00C04F79EFBC}") = "Unity.Settings.Editor", "Unity.Settings.Editor.csproj", "{ED4E434B-9A89-934C-67DA-B98B209D59BE}"
EndProject
Project("{FAE04EC0-301F-11D3-BF4B-00C04F79EFBC}") = "Unity.CollabProxy.Editor", "Unity.CollabProxy.Editor.csproj", "{ADFBC940-22F5-DB07-E6A6-569907EEC569}"
EndProject
Project("{FAE04EC0-301F-11D3-BF4B-00C04F79EFBC}") = "Unity.TestTools.CodeCoverage.Editor.OpenCover.Mono.Reflection", "Unity.TestTools.CodeCoverage.Editor.OpenCover.Mono.Reflection.csproj", "{37555B43-9F8A-0691-3CEE-9D3BB45DD5CC}"
EndProject
Project("{FAE04EC0-301F-11D3-BF4B-00C04F79EFBC}") = "Unity.VisualScripting.Shared.Editor", "Unity.VisualScripting.Shared.Editor.csproj", "{47A44763-4265-C87C-AE92-786DDFB619E3}"
EndProject
Project("{FAE04EC0-301F-11D3-BF4B-00C04F79EFBC}") = "Assembly-CSharp-Editor", "Assembly-CSharp-Editor.csproj", "{E5B476B2-9DE9-3D18-733B-AB304C4C4E8E}"
EndProject
Global
	GlobalSection(SolutionConfigurationPlatforms) = preSolution
		Debug|Any CPU = Debug|Any CPU
		Release|Any CPU = Release|Any CPU
	EndGlobalSection
	GlobalSection(ProjectConfigurationPlatforms) = postSolution
		{D50B511D-3C96-6D04-C76E-0300602B1B56}.Debug|Any CPU.ActiveCfg = Debug|Any CPU
		{D50B511D-3C96-6D04-C76E-0300602B1B56}.Debug|Any CPU.Build.0 = Debug|Any CPU
		{D50B511D-3C96-6D04-C76E-0300602B1B56}.Release|Any CPU.ActiveCfg = Release|Any CPU
		{D50B511D-3C96-6D04-C76E-0300602B1B56}.Release|Any CPU.Build.0 = Release|Any CPU
		{932213DA-DA26-E4D0-659F-458CADE5B728}.Debug|Any CPU.ActiveCfg = Debug|Any CPU
		{932213DA-DA26-E4D0-659F-458CADE5B728}.Debug|Any CPU.Build.0 = Debug|Any CPU
		{932213DA-DA26-E4D0-659F-458CADE5B728}.Release|Any CPU.ActiveCfg = Release|Any CPU
		{932213DA-DA26-E4D0-659F-458CADE5B728}.Release|Any CPU.Build.0 = Release|Any CPU
		{70409CC2-C3DA-F2A1-2EEF-ABD0937C4D11}.Debug|Any CPU.ActiveCfg = Debug|Any CPU
		{70409CC2-C3DA-F2A1-2EEF-ABD0937C4D11}.Debug|Any CPU.Build.0 = Debug|Any CPU
		{70409CC2-C3DA-F2A1-2EEF-ABD0937C4D11}.Release|Any CPU.ActiveCfg = Release|Any CPU
		{70409CC2-C3DA-F2A1-2EEF-ABD0937C4D11}.Release|Any CPU.Build.0 = Release|Any CPU
		{A2C5DB34-B3D4-8DEC-AC49-1ED177D2D87E}.Debug|Any CPU.ActiveCfg = Debug|Any CPU
		{A2C5DB34-B3D4-8DEC-AC49-1ED177D2D87E}.Debug|Any CPU.Build.0 = Debug|Any CPU
		{A2C5DB34-B3D4-8DEC-AC49-1ED177D2D87E}.Release|Any CPU.ActiveCfg = Release|Any CPU
		{A2C5DB34-B3D4-8DEC-AC49-1ED177D2D87E}.Release|Any CPU.Build.0 = Release|Any CPU
		{DE2CC3FA-40BA-BA70-C8DC-4E83F95135C7}.Debug|Any CPU.ActiveCfg = Debug|Any CPU
		{DE2CC3FA-40BA-BA70-C8DC-4E83F95135C7}.Debug|Any CPU.Build.0 = Debug|Any CPU
		{DE2CC3FA-40BA-BA70-C8DC-4E83F95135C7}.Release|Any CPU.ActiveCfg = Release|Any CPU
		{DE2CC3FA-40BA-BA70-C8DC-4E83F95135C7}.Release|Any CPU.Build.0 = Release|Any CPU
		{5CD09C99-DD32-571B-5597-2B67C69EC2C3}.Debug|Any CPU.ActiveCfg = Debug|Any CPU
		{5CD09C99-DD32-571B-5597-2B67C69EC2C3}.Debug|Any CPU.Build.0 = Debug|Any CPU
		{5CD09C99-DD32-571B-5597-2B67C69EC2C3}.Release|Any CPU.ActiveCfg = Release|Any CPU
		{5CD09C99-DD32-571B-5597-2B67C69EC2C3}.Release|Any CPU.Build.0 = Release|Any CPU
		{88E598EB-A924-1961-8C48-6CFBEDE77682}.Debug|Any CPU.ActiveCfg = Debug|Any CPU
		{88E598EB-A924-1961-8C48-6CFBEDE77682}.Debug|Any CPU.Build.0 = Debug|Any CPU
		{88E598EB-A924-1961-8C48-6CFBEDE77682}.Release|Any CPU.ActiveCfg = Release|Any CPU
		{88E598EB-A924-1961-8C48-6CFBEDE77682}.Release|Any CPU.Build.0 = Release|Any CPU
		{FE59F2B8-38C2-EA9A-D8A2-6003C1374A3D}.Debug|Any CPU.ActiveCfg = Debug|Any CPU
		{FE59F2B8-38C2-EA9A-D8A2-6003C1374A3D}.Debug|Any CPU.Build.0 = Debug|Any CPU
		{FE59F2B8-38C2-EA9A-D8A2-6003C1374A3D}.Release|Any CPU.ActiveCfg = Release|Any CPU
		{FE59F2B8-38C2-EA9A-D8A2-6003C1374A3D}.Release|Any CPU.Build.0 = Release|Any CPU
		{69945D0A-3B45-FD23-3B9A-59CF23995AC2}.Debug|Any CPU.ActiveCfg = Debug|Any CPU
		{69945D0A-3B45-FD23-3B9A-59CF23995AC2}.Debug|Any CPU.Build.0 = Debug|Any CPU
		{69945D0A-3B45-FD23-3B9A-59CF23995AC2}.Release|Any CPU.ActiveCfg = Release|Any CPU
		{69945D0A-3B45-FD23-3B9A-59CF23995AC2}.Release|Any CPU.Build.0 = Release|Any CPU
		{0C5DDE9E-816C-AB06-6200-A8BDF0F313B8}.Debug|Any CPU.ActiveCfg = Debug|Any CPU
		{0C5DDE9E-816C-AB06-6200-A8BDF0F313B8}.Debug|Any CPU.Build.0 = Debug|Any CPU
		{0C5DDE9E-816C-AB06-6200-A8BDF0F313B8}.Release|Any CPU.ActiveCfg = Release|Any CPU
		{0C5DDE9E-816C-AB06-6200-A8BDF0F313B8}.Release|Any CPU.Build.0 = Release|Any CPU
		{8A232817-EEB3-791D-3A6B-3054C1D303CA}.Debug|Any CPU.ActiveCfg = Debug|Any CPU
		{8A232817-EEB3-791D-3A6B-3054C1D303CA}.Debug|Any CPU.Build.0 = Debug|Any CPU
		{8A232817-EEB3-791D-3A6B-3054C1D303CA}.Release|Any CPU.ActiveCfg = Release|Any CPU
		{8A232817-EEB3-791D-3A6B-3054C1D303CA}.Release|Any CPU.Build.0 = Release|Any CPU
		{FC31A250-B7F2-F42E-9C1E-310EE2FB0C5B}.Debug|Any CPU.ActiveCfg = Debug|Any CPU
		{FC31A250-B7F2-F42E-9C1E-310EE2FB0C5B}.Debug|Any CPU.Build.0 = Debug|Any CPU
		{FC31A250-B7F2-F42E-9C1E-310EE2FB0C5B}.Release|Any CPU.ActiveCfg = Release|Any CPU
		{FC31A250-B7F2-F42E-9C1E-310EE2FB0C5B}.Release|Any CPU.Build.0 = Release|Any CPU
		{0864BF70-FF5C-202D-C330-89CD4ACE5CB1}.Debug|Any CPU.ActiveCfg = Debug|Any CPU
		{0864BF70-FF5C-202D-C330-89CD4ACE5CB1}.Debug|Any CPU.Build.0 = Debug|Any CPU
		{0864BF70-FF5C-202D-C330-89CD4ACE5CB1}.Release|Any CPU.ActiveCfg = Release|Any CPU
		{0864BF70-FF5C-202D-C330-89CD4ACE5CB1}.Release|Any CPU.Build.0 = Release|Any CPU
		{37B5D378-2ED1-C574-2816-96AB1BEB9026}.Debug|Any CPU.ActiveCfg = Debug|Any CPU
		{37B5D378-2ED1-C574-2816-96AB1BEB9026}.Debug|Any CPU.Build.0 = Debug|Any CPU
		{37B5D378-2ED1-C574-2816-96AB1BEB9026}.Release|Any CPU.ActiveCfg = Release|Any CPU
		{37B5D378-2ED1-C574-2816-96AB1BEB9026}.Release|Any CPU.Build.0 = Release|Any CPU
		{374F776E-30D4-D59E-1199-52CF121CE46C}.Debug|Any CPU.ActiveCfg = Debug|Any CPU
		{374F776E-30D4-D59E-1199-52CF121CE46C}.Debug|Any CPU.Build.0 = Debug|Any CPU
		{374F776E-30D4-D59E-1199-52CF121CE46C}.Release|Any CPU.ActiveCfg = Release|Any CPU
		{374F776E-30D4-D59E-1199-52CF121CE46C}.Release|Any CPU.Build.0 = Release|Any CPU
		{205826BC-1764-C9FE-4814-E2219F384A3D}.Debug|Any CPU.ActiveCfg = Debug|Any CPU
		{205826BC-1764-C9FE-4814-E2219F384A3D}.Debug|Any CPU.Build.0 = Debug|Any CPU
		{205826BC-1764-C9FE-4814-E2219F384A3D}.Release|Any CPU.ActiveCfg = Release|Any CPU
		{205826BC-1764-C9FE-4814-E2219F384A3D}.Release|Any CPU.Build.0 = Release|Any CPU
		{EBE71895-A454-8D26-3B01-0DD214AB7DC8}.Debug|Any CPU.ActiveCfg = Debug|Any CPU
		{EBE71895-A454-8D26-3B01-0DD214AB7DC8}.Debug|Any CPU.Build.0 = Debug|Any CPU
		{EBE71895-A454-8D26-3B01-0DD214AB7DC8}.Release|Any CPU.ActiveCfg = Release|Any CPU
		{EBE71895-A454-8D26-3B01-0DD214AB7DC8}.Release|Any CPU.Build.0 = Release|Any CPU
		{6644718F-5B8A-BFA9-7A63-CD24648C94FA}.Debug|Any CPU.ActiveCfg = Debug|Any CPU
		{6644718F-5B8A-BFA9-7A63-CD24648C94FA}.Debug|Any CPU.Build.0 = Debug|Any CPU
		{6644718F-5B8A-BFA9-7A63-CD24648C94FA}.Release|Any CPU.ActiveCfg = Release|Any CPU
		{6644718F-5B8A-BFA9-7A63-CD24648C94FA}.Release|Any CPU.Build.0 = Release|Any CPU
		{B2B2928D-1684-210D-9DF4-CB2E7781AE82}.Debug|Any CPU.ActiveCfg = Debug|Any CPU
		{B2B2928D-1684-210D-9DF4-CB2E7781AE82}.Debug|Any CPU.Build.0 = Debug|Any CPU
		{B2B2928D-1684-210D-9DF4-CB2E7781AE82}.Release|Any CPU.ActiveCfg = Release|Any CPU
		{B2B2928D-1684-210D-9DF4-CB2E7781AE82}.Release|Any CPU.Build.0 = Release|Any CPU
		{5A0BD680-3A3C-46EE-1A38-F740C30E56A8}.Debug|Any CPU.ActiveCfg = Debug|Any CPU
		{5A0BD680-3A3C-46EE-1A38-F740C30E56A8}.Debug|Any CPU.Build.0 = Debug|Any CPU
		{5A0BD680-3A3C-46EE-1A38-F740C30E56A8}.Release|Any CPU.ActiveCfg = Release|Any CPU
		{5A0BD680-3A3C-46EE-1A38-F740C30E56A8}.Release|Any CPU.Build.0 = Release|Any CPU
		{D34D72C3-C41C-023E-538F-3E9A7E8344C4}.Debug|Any CPU.ActiveCfg = Debug|Any CPU
		{D34D72C3-C41C-023E-538F-3E9A7E8344C4}.Debug|Any CPU.Build.0 = Debug|Any CPU
		{D34D72C3-C41C-023E-538F-3E9A7E8344C4}.Release|Any CPU.ActiveCfg = Release|Any CPU
		{D34D72C3-C41C-023E-538F-3E9A7E8344C4}.Release|Any CPU.Build.0 = Release|Any CPU
		{930258A8-3514-19D7-E4AF-999D38D6E22D}.Debug|Any CPU.ActiveCfg = Debug|Any CPU
		{930258A8-3514-19D7-E4AF-999D38D6E22D}.Debug|Any CPU.Build.0 = Debug|Any CPU
		{930258A8-3514-19D7-E4AF-999D38D6E22D}.Release|Any CPU.ActiveCfg = Release|Any CPU
		{930258A8-3514-19D7-E4AF-999D38D6E22D}.Release|Any CPU.Build.0 = Release|Any CPU
		{4653F0A7-7019-D7F1-1E42-C85D1D276B46}.Debug|Any CPU.ActiveCfg = Debug|Any CPU
		{4653F0A7-7019-D7F1-1E42-C85D1D276B46}.Debug|Any CPU.Build.0 = Debug|Any CPU
		{4653F0A7-7019-D7F1-1E42-C85D1D276B46}.Release|Any CPU.ActiveCfg = Release|Any CPU
		{4653F0A7-7019-D7F1-1E42-C85D1D276B46}.Release|Any CPU.Build.0 = Release|Any CPU
		{EA266161-6B56-C990-25BB-01F86F86D6C5}.Debug|Any CPU.ActiveCfg = Debug|Any CPU
		{EA266161-6B56-C990-25BB-01F86F86D6C5}.Debug|Any CPU.Build.0 = Debug|Any CPU
		{EA266161-6B56-C990-25BB-01F86F86D6C5}.Release|Any CPU.ActiveCfg = Release|Any CPU
		{EA266161-6B56-C990-25BB-01F86F86D6C5}.Release|Any CPU.Build.0 = Release|Any CPU
		{ED4E434B-9A89-934C-67DA-B98B209D59BE}.Debug|Any CPU.ActiveCfg = Debug|Any CPU
		{ED4E434B-9A89-934C-67DA-B98B209D59BE}.Debug|Any CPU.Build.0 = Debug|Any CPU
		{ED4E434B-9A89-934C-67DA-B98B209D59BE}.Release|Any CPU.ActiveCfg = Release|Any CPU
		{ED4E434B-9A89-934C-67DA-B98B209D59BE}.Release|Any CPU.Build.0 = Release|Any CPU
		{ADFBC940-22F5-DB07-E6A6-569907EEC569}.Debug|Any CPU.ActiveCfg = Debug|Any CPU
		{ADFBC940-22F5-DB07-E6A6-569907EEC569}.Debug|Any CPU.Build.0 = Debug|Any CPU
		{ADFBC940-22F5-DB07-E6A6-569907EEC569}.Release|Any CPU.ActiveCfg = Release|Any CPU
		{ADFBC940-22F5-DB07-E6A6-569907EEC569}.Release|Any CPU.Build.0 = Release|Any CPU
		{37555B43-9F8A-0691-3CEE-9D3BB45DD5CC}.Debug|Any CPU.ActiveCfg = Debug|Any CPU
		{37555B43-9F8A-0691-3CEE-9D3BB45DD5CC}.Debug|Any CPU.Build.0 = Debug|Any CPU
		{37555B43-9F8A-0691-3CEE-9D3BB45DD5CC}.Release|Any CPU.ActiveCfg = Release|Any CPU
		{37555B43-9F8A-0691-3CEE-9D3BB45DD5CC}.Release|Any CPU.Build.0 = Release|Any CPU
		{47A44763-4265-C87C-AE92-786DDFB619E3}.Debug|Any CPU.ActiveCfg = Debug|Any CPU
		{47A44763-4265-C87C-AE92-786DDFB619E3}.Debug|Any CPU.Build.0 = Debug|Any CPU
		{47A44763-4265-C87C-AE92-786DDFB619E3}.Release|Any CPU.ActiveCfg = Release|Any CPU
		{47A44763-4265-C87C-AE92-786DDFB619E3}.Release|Any CPU.Build.0 = Release|Any CPU
		{E5B476B2-9DE9-3D18-733B-AB304C4C4E8E}.Debug|Any CPU.ActiveCfg = Debug|Any CPU
		{E5B476B2-9DE9-3D18-733B-AB304C4C4E8E}.Debug|Any CPU.Build.0 = Debug|Any CPU
		{E5B476B2-9DE9-3D18-733B-AB304C4C4E8E}.Release|Any CPU.ActiveCfg = Release|Any CPU
		{E5B476B2-9DE9-3D18-733B-AB304C4C4E8E}.Release|Any CPU.Build.0 = Release|Any CPU
	EndGlobalSection
	GlobalSection(SolutionProperties) = preSolution
		HideSolutionNode = FALSE
	EndGlobalSection
EndGlobal
